
Microsoft Visual Studio Solution File, Format Version 12.00
# Visual Studio 2013
VisualStudioVersion = 12.0.40629.0
MinimumVisualStudioVersion = 10.0.40219.1
Project("{FAE04EC0-301F-11D3-BF4B-00C04F79EFBC}") = "BinaryToDecimal", "BinaryToDecimal\BinaryToDecimal.csproj", "{5FBC539D-DDC7-4115-99C2-2ED2713DFF32}"
EndProject
Project("{FAE04EC0-301F-11D3-BF4B-00C04F79EFBC}") = "DecimalToBinary", "DecimalToBinary\DecimalToBinary.csproj", "{83B15D2F-53EE-45F8-8566-4CBAFE8B3C27}"
EndProject
Project("{FAE04EC0-301F-11D3-BF4B-00C04F79EFBC}") = "DecimalToHex", "DecimalToHex\DecimalToHex.csproj", "{5CF02E78-6287-45F5-A772-4801847E16E4}"
EndProject
Project("{FAE04EC0-301F-11D3-BF4B-00C04F79EFBC}") = "HexToDecimal", "HexToDecimal\HexToDecimal.csproj", "{88464E16-FDBF-4919-9CCA-941493F00C78}"
EndProject
Project("{FAE04EC0-301F-11D3-BF4B-00C04F79EFBC}") = "GCD", "GCD\GCD.csproj", "{DC6BC5BC-4605-4249-8A6A-158563EDE8F5}"
EndProject
Project("{FAE04EC0-301F-11D3-BF4B-00C04F79EFBC}") = "TrailingZeroInN!", "TrailingZeroInN!\TrailingZeroInN!.csproj", "{32E9C10A-DD3A-417F-802B-FD038BEA1633}"
EndProject
Project("{FAE04EC0-301F-11D3-BF4B-00C04F79EFBC}") = "SpiralMatrix", "SpiralMatrix\SpiralMatrix.csproj", "{05271DCA-5146-4001-BB95-D245765F669C}"
EndProject
Project("{FAE04EC0-301F-11D3-BF4B-00C04F79EFBC}") = "AllocateArray", "AllocateArray\AllocateArray.csproj", "{0062E29E-9D0C-453C-9E34-832F1BC5EF06}"
EndProject
Project("{FAE04EC0-301F-11D3-BF4B-00C04F79EFBC}") = "MaximalIncreasingSequence", "MaximalIncreasingSequence\MaximalIncreasingSequence.csproj", "{C672282E-FF01-4D0B-8B8D-0FDDA49C6B8A}"
EndProject
Project("{FAE04EC0-301F-11D3-BF4B-00C04F79EFBC}") = "MaximalKSum", "MaximalKSum\MaximalKSum.csproj", "{09B92AFA-51A8-4880-A025-0D14D6C0A923}"
EndProject
Project("{FAE04EC0-301F-11D3-BF4B-00C04F79EFBC}") = "SelectionSort", "SelectionSort\SelectionSort.csproj", "{ED98C951-9F81-406C-B172-F430401A6534}"
EndProject
Project("{FAE04EC0-301F-11D3-BF4B-00C04F79EFBC}") = "MaximalSum", "MaximalSum\MaximalSum.csproj", "{9C7B536D-415F-4977-B7FD-04850AF05DDB}"
EndProject
Project("{FAE04EC0-301F-11D3-BF4B-00C04F79EFBC}") = "MergeSort", "MergeSort\MergeSort.csproj", "{445E8C22-E6C0-42A6-B21D-0E473D1D9AEB}"
EndProject
Project("{FAE04EC0-301F-11D3-BF4B-00C04F79EFBC}") = "CompareCharArrays", "CompareCharArrays\CompareCharArrays.csproj", "{31F80B2A-B2F5-4481-9C21-031D43EFAAFE}"
EndProject
Project("{FAE04EC0-301F-11D3-BF4B-00C04F79EFBC}") = "IndexOfLetters", "IndexOfLetters\IndexOfLetters.csproj", "{B9397F67-4DDB-4262-B3A5-74ED57189945}"
EndProject
Project("{FAE04EC0-301F-11D3-BF4B-00C04F79EFBC}") = "BinarySearch", "BinarySearch\BinarySearch.csproj", "{51575FAE-AAF7-4C7B-B811-20911031D4E9}"
EndProject
Project("{FAE04EC0-301F-11D3-BF4B-00C04F79EFBC}") = "FrequentNumber", "FrequentNumber\FrequentNumber.csproj", "{59E9980B-5D7E-4151-9B89-F56FD37A3262}"
EndProject
Project("{FAE04EC0-301F-11D3-BF4B-00C04F79EFBC}") = "CompareArrays", "CompareArrays\CompareArrays.csproj", "{CF9DA9FB-A32E-407B-A110-01B0EE5CFC71}"
EndProject
Project("{FAE04EC0-301F-11D3-BF4B-00C04F79EFBC}") = "MaximalSequence", "MaximalSequence\MaximalSequence.csproj", "{BE801EBB-9DCB-4906-B10D-412C16825F8D}"
EndProject
Project("{FAE04EC0-301F-11D3-BF4B-00C04F79EFBC}") = "Quicksort", "Quicksort\Quicksort.csproj", "{D99296BD-3449-43EE-8DF1-60813CDB2A85}"
EndProject
Project("{FAE04EC0-301F-11D3-BF4B-00C04F79EFBC}") = "PrimeNumbers", "PrimeNumbers\PrimeNumbers.csproj", "{7D61A4F0-461C-4CC1-8F34-6CE18BAF6408}"
EndProject
Project("{FAE04EC0-301F-11D3-BF4B-00C04F79EFBC}") = "RemoveElementsFromArray", "RemoveElementsFromArray\RemoveElementsFromArray.csproj", "{8EFDF849-C22D-4C3F-838F-52F8D5BEC9C3}"
EndProject
Global
	GlobalSection(SolutionConfigurationPlatforms) = preSolution
		Debug|Any CPU = Debug|Any CPU
		Release|Any CPU = Release|Any CPU
	EndGlobalSection
	GlobalSection(ProjectConfigurationPlatforms) = postSolution
		{5FBC539D-DDC7-4115-99C2-2ED2713DFF32}.Debug|Any CPU.ActiveCfg = Debug|Any CPU
		{5FBC539D-DDC7-4115-99C2-2ED2713DFF32}.Debug|Any CPU.Build.0 = Debug|Any CPU
		{5FBC539D-DDC7-4115-99C2-2ED2713DFF32}.Release|Any CPU.ActiveCfg = Release|Any CPU
		{5FBC539D-DDC7-4115-99C2-2ED2713DFF32}.Release|Any CPU.Build.0 = Release|Any CPU
		{83B15D2F-53EE-45F8-8566-4CBAFE8B3C27}.Debug|Any CPU.ActiveCfg = Debug|Any CPU
		{83B15D2F-53EE-45F8-8566-4CBAFE8B3C27}.Debug|Any CPU.Build.0 = Debug|Any CPU
		{83B15D2F-53EE-45F8-8566-4CBAFE8B3C27}.Release|Any CPU.ActiveCfg = Release|Any CPU
		{83B15D2F-53EE-45F8-8566-4CBAFE8B3C27}.Release|Any CPU.Build.0 = Release|Any CPU
		{5CF02E78-6287-45F5-A772-4801847E16E4}.Debug|Any CPU.ActiveCfg = Debug|Any CPU
		{5CF02E78-6287-45F5-A772-4801847E16E4}.Debug|Any CPU.Build.0 = Debug|Any CPU
		{5CF02E78-6287-45F5-A772-4801847E16E4}.Release|Any CPU.ActiveCfg = Release|Any CPU
		{5CF02E78-6287-45F5-A772-4801847E16E4}.Release|Any CPU.Build.0 = Release|Any CPU
		{88464E16-FDBF-4919-9CCA-941493F00C78}.Debug|Any CPU.ActiveCfg = Debug|Any CPU
		{88464E16-FDBF-4919-9CCA-941493F00C78}.Debug|Any CPU.Build.0 = Debug|Any CPU
		{88464E16-FDBF-4919-9CCA-941493F00C78}.Release|Any CPU.ActiveCfg = Release|Any CPU
		{88464E16-FDBF-4919-9CCA-941493F00C78}.Release|Any CPU.Build.0 = Release|Any CPU
		{DC6BC5BC-4605-4249-8A6A-158563EDE8F5}.Debug|Any CPU.ActiveCfg = Debug|Any CPU
		{DC6BC5BC-4605-4249-8A6A-158563EDE8F5}.Debug|Any CPU.Build.0 = Debug|Any CPU
		{DC6BC5BC-4605-4249-8A6A-158563EDE8F5}.Release|Any CPU.ActiveCfg = Release|Any CPU
		{DC6BC5BC-4605-4249-8A6A-158563EDE8F5}.Release|Any CPU.Build.0 = Release|Any CPU
		{32E9C10A-DD3A-417F-802B-FD038BEA1633}.Debug|Any CPU.ActiveCfg = Debug|Any CPU
		{32E9C10A-DD3A-417F-802B-FD038BEA1633}.Debug|Any CPU.Build.0 = Debug|Any CPU
		{32E9C10A-DD3A-417F-802B-FD038BEA1633}.Release|Any CPU.ActiveCfg = Release|Any CPU
		{32E9C10A-DD3A-417F-802B-FD038BEA1633}.Release|Any CPU.Build.0 = Release|Any CPU
		{05271DCA-5146-4001-BB95-D245765F669C}.Debug|Any CPU.ActiveCfg = Debug|Any CPU
		{05271DCA-5146-4001-BB95-D245765F669C}.Debug|Any CPU.Build.0 = Debug|Any CPU
		{05271DCA-5146-4001-BB95-D245765F669C}.Release|Any CPU.ActiveCfg = Release|Any CPU
		{05271DCA-5146-4001-BB95-D245765F669C}.Release|Any CPU.Build.0 = Release|Any CPU
		{0062E29E-9D0C-453C-9E34-832F1BC5EF06}.Debug|Any CPU.ActiveCfg = Debug|Any CPU
		{0062E29E-9D0C-453C-9E34-832F1BC5EF06}.Debug|Any CPU.Build.0 = Debug|Any CPU
		{0062E29E-9D0C-453C-9E34-832F1BC5EF06}.Release|Any CPU.ActiveCfg = Release|Any CPU
		{0062E29E-9D0C-453C-9E34-832F1BC5EF06}.Release|Any CPU.Build.0 = Release|Any CPU
		{C672282E-FF01-4D0B-8B8D-0FDDA49C6B8A}.Debug|Any CPU.ActiveCfg = Debug|Any CPU
		{C672282E-FF01-4D0B-8B8D-0FDDA49C6B8A}.Debug|Any CPU.Build.0 = Debug|Any CPU
		{C672282E-FF01-4D0B-8B8D-0FDDA49C6B8A}.Release|Any CPU.ActiveCfg = Release|Any CPU
		{C672282E-FF01-4D0B-8B8D-0FDDA49C6B8A}.Release|Any CPU.Build.0 = Release|Any CPU
		{09B92AFA-51A8-4880-A025-0D14D6C0A923}.Debug|Any CPU.ActiveCfg = Debug|Any CPU
		{09B92AFA-51A8-4880-A025-0D14D6C0A923}.Debug|Any CPU.Build.0 = Debug|Any CPU
		{09B92AFA-51A8-4880-A025-0D14D6C0A923}.Release|Any CPU.ActiveCfg = Release|Any CPU
		{09B92AFA-51A8-4880-A025-0D14D6C0A923}.Release|Any CPU.Build.0 = Release|Any CPU
		{ED98C951-9F81-406C-B172-F430401A6534}.Debug|Any CPU.ActiveCfg = Debug|Any CPU
		{ED98C951-9F81-406C-B172-F430401A6534}.Debug|Any CPU.Build.0 = Debug|Any CPU
		{ED98C951-9F81-406C-B172-F430401A6534}.Release|Any CPU.ActiveCfg = Release|Any CPU
		{ED98C951-9F81-406C-B172-F430401A6534}.Release|Any CPU.Build.0 = Release|Any CPU
		{9C7B536D-415F-4977-B7FD-04850AF05DDB}.Debug|Any CPU.ActiveCfg = Debug|Any CPU
		{9C7B536D-415F-4977-B7FD-04850AF05DDB}.Debug|Any CPU.Build.0 = Debug|Any CPU
		{9C7B536D-415F-4977-B7FD-04850AF05DDB}.Release|Any CPU.ActiveCfg = Release|Any CPU
		{9C7B536D-415F-4977-B7FD-04850AF05DDB}.Release|Any CPU.Build.0 = Release|Any CPU
		{445E8C22-E6C0-42A6-B21D-0E473D1D9AEB}.Debug|Any CPU.ActiveCfg = Debug|Any CPU
		{445E8C22-E6C0-42A6-B21D-0E473D1D9AEB}.Debug|Any CPU.Build.0 = Debug|Any CPU
		{445E8C22-E6C0-42A6-B21D-0E473D1D9AEB}.Release|Any CPU.ActiveCfg = Release|Any CPU
		{445E8C22-E6C0-42A6-B21D-0E473D1D9AEB}.Release|Any CPU.Build.0 = Release|Any CPU
		{31F80B2A-B2F5-4481-9C21-031D43EFAAFE}.Debug|Any CPU.ActiveCfg = Debug|Any CPU
		{31F80B2A-B2F5-4481-9C21-031D43EFAAFE}.Debug|Any CPU.Build.0 = Debug|Any CPU
		{31F80B2A-B2F5-4481-9C21-031D43EFAAFE}.Release|Any CPU.ActiveCfg = Release|Any CPU
		{31F80B2A-B2F5-4481-9C21-031D43EFAAFE}.Release|Any CPU.Build.0 = Release|Any CPU
		{B9397F67-4DDB-4262-B3A5-74ED57189945}.Debug|Any CPU.ActiveCfg = Debug|Any CPU
		{B9397F67-4DDB-4262-B3A5-74ED57189945}.Debug|Any CPU.Build.0 = Debug|Any CPU
		{B9397F67-4DDB-4262-B3A5-74ED57189945}.Release|Any CPU.ActiveCfg = Release|Any CPU
		{B9397F67-4DDB-4262-B3A5-74ED57189945}.Release|Any CPU.Build.0 = Release|Any CPU
		{51575FAE-AAF7-4C7B-B811-20911031D4E9}.Debug|Any CPU.ActiveCfg = Debug|Any CPU
		{51575FAE-AAF7-4C7B-B811-20911031D4E9}.Debug|Any CPU.Build.0 = Debug|Any CPU
		{51575FAE-AAF7-4C7B-B811-20911031D4E9}.Release|Any CPU.ActiveCfg = Release|Any CPU
		{51575FAE-AAF7-4C7B-B811-20911031D4E9}.Release|Any CPU.Build.0 = Release|Any CPU
		{59E9980B-5D7E-4151-9B89-F56FD37A3262}.Debug|Any CPU.ActiveCfg = Debug|Any CPU
		{59E9980B-5D7E-4151-9B89-F56FD37A3262}.Debug|Any CPU.Build.0 = Debug|Any CPU
		{59E9980B-5D7E-4151-9B89-F56FD37A3262}.Release|Any CPU.ActiveCfg = Release|Any CPU
		{59E9980B-5D7E-4151-9B89-F56FD37A3262}.Release|Any CPU.Build.0 = Release|Any CPU
		{CF9DA9FB-A32E-407B-A110-01B0EE5CFC71}.Debug|Any CPU.ActiveCfg = Debug|Any CPU
		{CF9DA9FB-A32E-407B-A110-01B0EE5CFC71}.Debug|Any CPU.Build.0 = Debug|Any CPU
		{CF9DA9FB-A32E-407B-A110-01B0EE5CFC71}.Release|Any CPU.ActiveCfg = Release|Any CPU
		{CF9DA9FB-A32E-407B-A110-01B0EE5CFC71}.Release|Any CPU.Build.0 = Release|Any CPU
		{BE801EBB-9DCB-4906-B10D-412C16825F8D}.Debug|Any CPU.ActiveCfg = Debug|Any CPU
		{BE801EBB-9DCB-4906-B10D-412C16825F8D}.Debug|Any CPU.Build.0 = Debug|Any CPU
		{BE801EBB-9DCB-4906-B10D-412C16825F8D}.Release|Any CPU.ActiveCfg = Release|Any CPU
		{BE801EBB-9DCB-4906-B10D-412C16825F8D}.Release|Any CPU.Build.0 = Release|Any CPU
		{D99296BD-3449-43EE-8DF1-60813CDB2A85}.Debug|Any CPU.ActiveCfg = Debug|Any CPU
		{D99296BD-3449-43EE-8DF1-60813CDB2A85}.Debug|Any CPU.Build.0 = Debug|Any CPU
		{D99296BD-3449-43EE-8DF1-60813CDB2A85}.Release|Any CPU.ActiveCfg = Release|Any CPU
		{D99296BD-3449-43EE-8DF1-60813CDB2A85}.Release|Any CPU.Build.0 = Release|Any CPU
		{7D61A4F0-461C-4CC1-8F34-6CE18BAF6408}.Debug|Any CPU.ActiveCfg = Debug|Any CPU
		{7D61A4F0-461C-4CC1-8F34-6CE18BAF6408}.Debug|Any CPU.Build.0 = Debug|Any CPU
		{7D61A4F0-461C-4CC1-8F34-6CE18BAF6408}.Release|Any CPU.ActiveCfg = Release|Any CPU
		{7D61A4F0-461C-4CC1-8F34-6CE18BAF6408}.Release|Any CPU.Build.0 = Release|Any CPU
		{8EFDF849-C22D-4C3F-838F-52F8D5BEC9C3}.Debug|Any CPU.ActiveCfg = Debug|Any CPU
		{8EFDF849-C22D-4C3F-838F-52F8D5BEC9C3}.Debug|Any CPU.Build.0 = Debug|Any CPU
		{8EFDF849-C22D-4C3F-838F-52F8D5BEC9C3}.Release|Any CPU.ActiveCfg = Release|Any CPU
		{8EFDF849-C22D-4C3F-838F-52F8D5BEC9C3}.Release|Any CPU.Build.0 = Release|Any CPU
	EndGlobalSection
	GlobalSection(SolutionProperties) = preSolution
		HideSolutionNode = FALSE
	EndGlobalSection
EndGlobal
